
Microsoft Visual Studio Solution File, Format Version 12.00
# Visual Studio Version 17
VisualStudioVersion = 17.13.35825.156 d17.13
MinimumVisualStudioVersion = 10.0.40219.1
Project("{FAE04EC0-301F-11D3-BF4B-00C04F79EFBC}") = "MFFF", "MFFF\MFFF.csproj", "{6AF974E5-7273-42EE-9F2D-3550A2D7EFCD}"
EndProject
Global
	GlobalSection(SolutionConfigurationPlatforms) = preSolution
		Debug|Any CPU = Debug|Any CPU
		Release|Any CPU = Release|Any CPU
	EndGlobalSection
	GlobalSection(ProjectConfigurationPlatforms) = postSolution
		{6AF974E5-7273-42EE-9F2D-3550A2D7EFCD}.Debug|Any CPU.ActiveCfg = Debug|Any CPU
		{6AF974E5-7273-42EE-9F2D-3550A2D7EFCD}.Debug|Any CPU.Build.0 = Debug|Any CPU
		{6AF974E5-7273-42EE-9F2D-3550A2D7EFCD}.Release|Any CPU.ActiveCfg = Release|Any CPU
		{6AF974E5-7273-42EE-9F2D-3550A2D7EFCD}.Release|Any CPU.Build.0 = Release|Any CPU
	EndGlobalSection
	GlobalSection(SolutionProperties) = preSolution
		HideSolutionNode = FALSE
	EndGlobalSection
	GlobalSection(ExtensibilityGlobals) = postSolution
		SolutionGuid = {DD7DB7CE-9AF0-4E07-B5C5-33C0D6F32930}
	EndGlobalSection
EndGlobal
